<?xml version="1.0" encoding="utf-8"?>
<Project ToolsVersion="4.0" xmlns="http://schemas.microsoft.com/developer/msbuild/2003">
  <ItemGroup>
    <Filter Include="imgui">
      <UniqueIdentifier>{135c0378-7b21-45bf-ab30-82854a72a864}</UniqueIdentifier>
    </Filter>
    <Filter Include="ReplicantHook">
      <UniqueIdentifier>{f922e8e9-c490-4456-b41a-be3bdbb4e8b9}</UniqueIdentifier>
    </Filter>
    <Filter Include="utils">
      <UniqueIdentifier>{9bcc6fa6-ce49-4545-bc47-f8a69e5c9419}</UniqueIdentifier>
    </Filter>
    <Filter Include="Source">
      <UniqueIdentifier>{072d4111-5e85-488a-a262-c2b539e7d088}</UniqueIdentifier>
    </Filter>
    <Filter Include="Mods">
      <UniqueIdentifier>{e622e814-7461-4792-b435-6eb8e73ab58f}</UniqueIdentifier>
    </Filter>
  </ItemGroup>
  <ItemGroup>
    <ClInclude Include="imgui\imconfig.h">
      <Filter>imgui</Filter>
    </ClInclude>
    <ClInclude Include="imgui\imgui.h">
      <Filter>imgui</Filter>
    </ClInclude>
    <ClInclude Include="imgui\imgui_impl_dx11.h">
      <Filter>imgui</Filter>
    </ClInclude>
    <ClInclude Include="imgui\imgui_impl_win32.h">
      <Filter>imgui</Filter>
    </ClInclude>
    <ClInclude Include="imgui\imgui_internal.h">
      <Filter>imgui</Filter>
    </ClInclude>
    <ClInclude Include="imgui\imstb_rectpack.h">
      <Filter>imgui</Filter>
    </ClInclude>
    <ClInclude Include="imgui\imstb_textedit.h">
      <Filter>imgui</Filter>
    </ClInclude>
    <ClInclude Include="imgui\imstb_truetype.h">
      <Filter>imgui</Filter>
    </ClInclude>
    <ClInclude Include="ReplicantHook\ReplicantHook.hpp">
      <Filter>ReplicantHook</Filter>
    </ClInclude>
    <ClInclude Include="utils\config.hpp">
      <Filter>utils</Filter>
    </ClInclude>
    <ClInclude Include="utils\Hash.hpp">
      <Filter>utils</Filter>
    </ClInclude>
    <ClInclude Include="utils\String.hpp">
      <Filter>utils</Filter>
    </ClInclude>
    <ClInclude Include="utils\Timer.hpp">
      <Filter>utils</Filter>
    </ClInclude>
    <ClInclude Include="utils\Detour.hpp">
      <Filter>utils</Filter>
    </ClInclude>
    <ClInclude Include="mods\SampleMod.hpp">
      <Filter>Mods</Filter>
    </ClInclude>
    <ClInclude Include="ReplicantHook\LicenseStrings.hpp">
      <Filter>ReplicantHook</Filter>
    </ClInclude>
    <ClInclude Include="ReplicantHook\Mod.hpp">
      <Filter>ReplicantHook</Filter>
    </ClInclude>
    <ClInclude Include="ReplicantHook\Mods.hpp">
      <Filter>ReplicantHook</Filter>
    </ClInclude>
  </ItemGroup>
  <ItemGroup>
    <ClCompile Include="imgui\imgui.cpp">
      <Filter>imgui</Filter>
    </ClCompile>
    <ClCompile Include="imgui\imgui_demo.cpp">
      <Filter>imgui</Filter>
    </ClCompile>
    <ClCompile Include="imgui\imgui_draw.cpp">
      <Filter>imgui</Filter>
    </ClCompile>
    <ClCompile Include="imgui\imgui_impl_dx11.cpp">
      <Filter>imgui</Filter>
    </ClCompile>
    <ClCompile Include="imgui\imgui_impl_win32.cpp">
      <Filter>imgui</Filter>
    </ClCompile>
    <ClCompile Include="imgui\imgui_widgets.cpp">
      <Filter>imgui</Filter>
    </ClCompile>
    <ClCompile Include="ReplicantHook\ReplicantHook.cpp">
      <Filter>ReplicantHook</Filter>
    </ClCompile>
    <ClCompile Include="utils\config.cpp">
      <Filter>utils</Filter>
    </ClCompile>
    <ClCompile Include="utils\String.cpp">
      <Filter>utils</Filter>
    </ClCompile>
    <ClCompile Include="utils\Timer.cpp">
      <Filter>utils</Filter>
    </ClCompile>
    <ClCompile Include="main.cpp">
      <Filter>Source</Filter>
    </ClCompile>
    <ClCompile Include="utils\Detour.cpp">
      <Filter>utils</Filter>
    </ClCompile>
    <ClCompile Include="mods\SampleMod.cpp">
      <Filter>Mods</Filter>
    </ClCompile>
    <ClCompile Include="ReplicantHook\GameGui.cpp">
      <Filter>ReplicantHook</Filter>
    </ClCompile>
    <ClCompile Include="ReplicantHook\Mods.cpp">
      <Filter>ReplicantHook</Filter>
    </ClCompile>
  </ItemGroup>
  <ItemGroup>
    <MASM Include="mods\SampleModAsm.asm">
      <Filter>Mods</Filter>
    </MASM>
  </ItemGroup>
</Project>